
Microsoft Visual Studio Solution File, Format Version 12.00
# Visual Studio Version 17
VisualStudioVersion = 17.0.31903.59
MinimumVisualStudioVersion = 10.0.40219.1
Project("{2150E333-8FDC-42A3-9474-1A3956D46DE8}") = "src", "src", "{E048E613-D35B-4F9F-A634-CC07D2265518}"
EndProject
Project("{9A19103F-16F7-4668-BE54-9A1E7A4F7556}") = "Sharkable", "src\Sharkable\Sharkable.csproj", "{BE7F819E-A863-4035-8BA8-3F2013123EAB}"
EndProject
Project("{9A19103F-16F7-4668-BE54-9A1E7A4F7556}") = "Sharkable.Sample", "src\Sharkable.Sample\Sharkable.Sample.csproj", "{4143F0A0-A3CE-4057-A2F4-4BB871F68FB4}"
EndProject
Project("{9A19103F-16F7-4668-BE54-9A1E7A4F7556}") = "Sharkable.AotSample", "src\Sharkable.AotSample\Sharkable.AotSample.csproj", "{DC065E0E-EE8A-4686-88FC-A765ED61992F}"
EndProject
Global
	GlobalSection(SolutionConfigurationPlatforms) = preSolution
		Debug|Any CPU = Debug|Any CPU
		Release|Any CPU = Release|Any CPU
	EndGlobalSection
	GlobalSection(ProjectConfigurationPlatforms) = postSolution
		{BE7F819E-A863-4035-8BA8-3F2013123EAB}.Debug|Any CPU.ActiveCfg = Debug|Any CPU
		{BE7F819E-A863-4035-8BA8-3F2013123EAB}.Debug|Any CPU.Build.0 = Debug|Any CPU
		{BE7F819E-A863-4035-8BA8-3F2013123EAB}.Release|Any CPU.ActiveCfg = Release|Any CPU
		{BE7F819E-A863-4035-8BA8-3F2013123EAB}.Release|Any CPU.Build.0 = Release|Any CPU
		{4143F0A0-A3CE-4057-A2F4-4BB871F68FB4}.Debug|Any CPU.ActiveCfg = Debug|Any CPU
		{4143F0A0-A3CE-4057-A2F4-4BB871F68FB4}.Debug|Any CPU.Build.0 = Debug|Any CPU
		{4143F0A0-A3CE-4057-A2F4-4BB871F68FB4}.Release|Any CPU.ActiveCfg = Release|Any CPU
		{4143F0A0-A3CE-4057-A2F4-4BB871F68FB4}.Release|Any CPU.Build.0 = Release|Any CPU
		{DC065E0E-EE8A-4686-88FC-A765ED61992F}.Debug|Any CPU.ActiveCfg = Debug|Any CPU
		{DC065E0E-EE8A-4686-88FC-A765ED61992F}.Debug|Any CPU.Build.0 = Debug|Any CPU
		{DC065E0E-EE8A-4686-88FC-A765ED61992F}.Release|Any CPU.ActiveCfg = Release|Any CPU
		{DC065E0E-EE8A-4686-88FC-A765ED61992F}.Release|Any CPU.Build.0 = Release|Any CPU
	EndGlobalSection
	GlobalSection(SolutionProperties) = preSolution
		HideSolutionNode = FALSE
	EndGlobalSection
	GlobalSection(NestedProjects) = preSolution
		{BE7F819E-A863-4035-8BA8-3F2013123EAB} = {E048E613-D35B-4F9F-A634-CC07D2265518}
		{4143F0A0-A3CE-4057-A2F4-4BB871F68FB4} = {E048E613-D35B-4F9F-A634-CC07D2265518}
		{DC065E0E-EE8A-4686-88FC-A765ED61992F} = {E048E613-D35B-4F9F-A634-CC07D2265518}
	EndGlobalSection
	GlobalSection(ExtensibilityGlobals) = postSolution
		SolutionGuid = {20F9D998-C896-4902-84C0-E54A8E4BA915}
	EndGlobalSection
EndGlobal
